{
  "name": "BNTU-diplom-work",
  "lockfileVersion": 2,
  "requires": true,
  "packages": {
    "": {
      "dependencies": {
        "@generic-ui/fabric": "^0.16.4",
        "@generic-ui/hermes": "^0.16.4",
        "@generic-ui/ngx-grid": "^0.16.4"
      }
    },
    "node_modules/@angular/common": {
      "version": "12.2.11",
      "resolved": "https://registry.npmjs.org/@angular/common/-/common-12.2.11.tgz",
      "integrity": "sha512-/3QS5YaHfm2taJYUVes076ZMpL2GRYVW3HDbHXiRNjoC9EMqQ7ahRD9RPFC8XUk709JuqzonE3bB+N5Ld3mzIA==",
      "peer": true,
      "dependencies": {
        "tslib": "^2.2.0"
      },
      "engines": {
        "node": "^12.14.1 || >=14.0.0"
      },
      "peerDependencies": {
        "@angular/core": "12.2.11",
        "rxjs": "^6.5.3 || ^7.0.0"
      }
    },
    "node_modules/@angular/core": {
      "version": "12.2.11",
      "resolved": "https://registry.npmjs.org/@angular/core/-/core-12.2.11.tgz",
      "integrity": "sha512-wzCFtVFdQlXJlzWpWNz3w8cDzhYzuO1qDqey15Wd4zPR8c8pDx3/XCZXSziskaUzA+fVzgHHSwQnOi9XSFFjzA==",
      "peer": true,
      "dependencies": {
        "tslib": "^2.2.0"
      },
      "engines": {
        "node": "^12.14.1 || >=14.0.0"
      },
      "peerDependencies": {
        "rxjs": "^6.5.3 || ^7.0.0",
        "zone.js": "~0.11.4"
      }
    },
    "node_modules/@angular/forms": {
      "version": "12.2.11",
      "resolved": "https://registry.npmjs.org/@angular/forms/-/forms-12.2.11.tgz",
      "integrity": "sha512-mylti7rtz2FcM3hwPSj2JnX8y8BrXmzrjEWjcLlXmwoMzv/M3vY5HlgKzOmPN03bVgxC7b7EFfGMXfJ3YoPWpg==",
      "peer": true,
      "dependencies": {
        "tslib": "^2.2.0"
      },
      "engines": {
        "node": "^12.14.1 || >=14.0.0"
      },
      "peerDependencies": {
        "@angular/common": "12.2.11",
        "@angular/core": "12.2.11",
        "@angular/platform-browser": "12.2.11",
        "rxjs": "^6.5.3 || ^7.0.0"
      }
    },
    "node_modules/@angular/platform-browser": {
      "version": "12.2.11",
      "resolved": "https://registry.npmjs.org/@angular/platform-browser/-/platform-browser-12.2.11.tgz",
      "integrity": "sha512-uJEnVOK3M1SrCWJoW2jFx5F8pUCbSISai7dbTBVc+/Gx6e9ZuNzBVOooLvSzV96DurhTV7xGSXR5Ry75UNZ48A==",
      "peer": true,
      "dependencies": {
        "tslib": "^2.2.0"
      },
      "engines": {
        "node": "^12.14.1 || >=14.0.0"
      },
      "peerDependencies": {
        "@angular/animations": "12.2.11",
        "@angular/common": "12.2.11",
        "@angular/core": "12.2.11"
      },
      "peerDependenciesMeta": {
        "@angular/animations": {
          "optional": true
        }
      }
    },
    "node_modules/@generic-ui/fabric": {
      "version": "0.16.4",
      "resolved": "https://registry.npmjs.org/@generic-ui/fabric/-/fabric-0.16.4.tgz",
      "integrity": "sha512-yFHyIQxBaXdFb03SCLhWGUfhAt9qk+bnKrB7w13f5qMEHCaJ20QU5HdOKCSWuYpSYVDgv5VWT+hzWBXF9rO/fg==",
      "dependencies": {
        "tslib": "^2.0.0"
      },
      "peerDependencies": {
        "@angular/common": "12.2.11",
        "@angular/core": "12.2.11",
        "rxjs": "6.6.7"
      }
    },
    "node_modules/@generic-ui/hermes": {
      "version": "0.16.4",
      "resolved": "https://registry.npmjs.org/@generic-ui/hermes/-/hermes-0.16.4.tgz",
      "integrity": "sha512-kvY8+0uHmMpkPjSIGULPtPLb6Vj9xi3mBT/tyPOVOWy3FaJ+0a9uiWWsF4WlbkYyDTanjqm5Y3H0ShKzaBmrXg==",
      "dependencies": {
        "tslib": "^2.0.0"
      },
      "peerDependencies": {
        "@angular/common": "12.2.11",
        "@angular/core": "12.2.11",
        "rxjs": "6.6.7"
      }
    },
    "node_modules/@generic-ui/ngx-grid": {
      "version": "0.16.4",
      "resolved": "https://registry.npmjs.org/@generic-ui/ngx-grid/-/ngx-grid-0.16.4.tgz",
      "integrity": "sha512-Uc8UvBFk19WR2D/KWBctoEm1E//Excd+od8bQuEwhzap76KlzBk/WqcG9bRAD8Wk32zgLxOXKOo/1MqA5703aA==",
      "dependencies": {
        "tslib": "^2.0.0"
      },
      "peerDependencies": {
        "@angular/common": "12.2.11",
        "@angular/core": "12.2.11",
        "@angular/forms": "12.2.11",
        "@angular/platform-browser": "12.2.11",
        "@generic-ui/fabric": "0.16.4",
        "@generic-ui/hermes": "0.16.4",
        "rxjs": "6.6.7"
      }
    },
    "node_modules/rxjs": {
      "version": "6.6.7",
      "resolved": "https://registry.npmjs.org/rxjs/-/rxjs-6.6.7.tgz",
      "integrity": "sha512-hTdwr+7yYNIT5n4AMYp85KA6yw2Va0FLa3Rguvbpa4W3I5xynaBZo41cM3XM+4Q6fRMj3sBYIR1VAmZMXYJvRQ==",
      "peer": true,
      "dependencies": {
        "tslib": "^1.9.0"
      },
      "engines": {
        "npm": ">=2.0.0"
      }
    },
    "node_modules/rxjs/node_modules/tslib": {
      "version": "1.14.1",
      "resolved": "https://registry.npmjs.org/tslib/-/tslib-1.14.1.tgz",
      "integrity": "sha512-Xni35NKzjgMrwevysHTCArtLDpPvye8zV/0E4EyYn43P7/7qvQwPh9BGkHewbMulVntbigmcT7rdX3BNo9wRJg==",
      "peer": true
    },
    "node_modules/tslib": {
      "version": "2.3.1",
      "resolved": "https://registry.npmjs.org/tslib/-/tslib-2.3.1.tgz",
      "integrity": "sha512-77EbyPPpMz+FRFRuAFlWMtmgUWGe9UOG2Z25NqCwiIjRhOf5iKGuzSe5P2w1laq+FkRy4p+PCuVkJSGkzTEKVw=="
    },
    "node_modules/zone.js": {
      "version": "0.11.5",
      "resolved": "https://registry.npmjs.org/zone.js/-/zone.js-0.11.5.tgz",
      "integrity": "sha512-D1/7VxEuQ7xk6z/kAROe4SUbd9CzxY4zOwVGnGHerd/SgLIVU5f4esDzQUsOCeArn933BZfWMKydH7l7dPEp0g==",
      "peer": true,
      "dependencies": {
        "tslib": "^2.3.0"
      }
    }
  },
  "dependencies": {
    "@angular/common": {
      "version": "12.2.11",
      "resolved": "https://registry.npmjs.org/@angular/common/-/common-12.2.11.tgz",
      "integrity": "sha512-/3QS5YaHfm2taJYUVes076ZMpL2GRYVW3HDbHXiRNjoC9EMqQ7ahRD9RPFC8XUk709JuqzonE3bB+N5Ld3mzIA==",
      "peer": true,
      "requires": {
        "tslib": "^2.2.0"
      }
    },
    "@angular/core": {
      "version": "12.2.11",
      "resolved": "https://registry.npmjs.org/@angular/core/-/core-12.2.11.tgz",
      "integrity": "sha512-wzCFtVFdQlXJlzWpWNz3w8cDzhYzuO1qDqey15Wd4zPR8c8pDx3/XCZXSziskaUzA+fVzgHHSwQnOi9XSFFjzA==",
      "peer": true,
      "requires": {
        "tslib": "^2.2.0"
      }
    },
    "@angular/forms": {
      "version": "12.2.11",
      "resolved": "https://registry.npmjs.org/@angular/forms/-/forms-12.2.11.tgz",
      "integrity": "sha512-mylti7rtz2FcM3hwPSj2JnX8y8BrXmzrjEWjcLlXmwoMzv/M3vY5HlgKzOmPN03bVgxC7b7EFfGMXfJ3YoPWpg==",
      "peer": true,
      "requires": {
        "tslib": "^2.2.0"
      }
    },
    "@angular/platform-browser": {
      "version": "12.2.11",
      "resolved": "https://registry.npmjs.org/@angular/platform-browser/-/platform-browser-12.2.11.tgz",
      "integrity": "sha512-uJEnVOK3M1SrCWJoW2jFx5F8pUCbSISai7dbTBVc+/Gx6e9ZuNzBVOooLvSzV96DurhTV7xGSXR5Ry75UNZ48A==",
      "peer": true,
      "requires": {
        "tslib": "^2.2.0"
      }
    },
    "@generic-ui/fabric": {
      "version": "0.16.4",
      "resolved": "https://registry.npmjs.org/@generic-ui/fabric/-/fabric-0.16.4.tgz",
      "integrity": "sha512-yFHyIQxBaXdFb03SCLhWGUfhAt9qk+bnKrB7w13f5qMEHCaJ20QU5HdOKCSWuYpSYVDgv5VWT+hzWBXF9rO/fg==",
      "requires": {
        "tslib": "^2.0.0"
      }
    },
    "@generic-ui/hermes": {
      "version": "0.16.4",
      "resolved": "https://registry.npmjs.org/@generic-ui/hermes/-/hermes-0.16.4.tgz",
      "integrity": "sha512-kvY8+0uHmMpkPjSIGULPtPLb6Vj9xi3mBT/tyPOVOWy3FaJ+0a9uiWWsF4WlbkYyDTanjqm5Y3H0ShKzaBmrXg==",
      "requires": {
        "tslib": "^2.0.0"
      }
    },
    "@generic-ui/ngx-grid": {
      "version": "0.16.4",
      "resolved": "https://registry.npmjs.org/@generic-ui/ngx-grid/-/ngx-grid-0.16.4.tgz",
      "integrity": "sha512-Uc8UvBFk19WR2D/KWBctoEm1E//Excd+od8bQuEwhzap76KlzBk/WqcG9bRAD8Wk32zgLxOXKOo/1MqA5703aA==",
      "requires": {
        "tslib": "^2.0.0"
      }
    },
    "rxjs": {
      "version": "6.6.7",
      "resolved": "https://registry.npmjs.org/rxjs/-/rxjs-6.6.7.tgz",
      "integrity": "sha512-hTdwr+7yYNIT5n4AMYp85KA6yw2Va0FLa3Rguvbpa4W3I5xynaBZo41cM3XM+4Q6fRMj3sBYIR1VAmZMXYJvRQ==",
      "peer": true,
      "requires": {
        "tslib": "^1.9.0"
      },
      "dependencies": {
        "tslib": {
          "version": "1.14.1",
          "resolved": "https://registry.npmjs.org/tslib/-/tslib-1.14.1.tgz",
          "integrity": "sha512-Xni35NKzjgMrwevysHTCArtLDpPvye8zV/0E4EyYn43P7/7qvQwPh9BGkHewbMulVntbigmcT7rdX3BNo9wRJg==",
          "peer": true
        }
      }
    },
    "tslib": {
      "version": "2.3.1",
      "resolved": "https://registry.npmjs.org/tslib/-/tslib-2.3.1.tgz",
      "integrity": "sha512-77EbyPPpMz+FRFRuAFlWMtmgUWGe9UOG2Z25NqCwiIjRhOf5iKGuzSe5P2w1laq+FkRy4p+PCuVkJSGkzTEKVw=="
    },
    "zone.js": {
      "version": "0.11.5",
      "resolved": "https://registry.npmjs.org/zone.js/-/zone.js-0.11.5.tgz",
      "integrity": "sha512-D1/7VxEuQ7xk6z/kAROe4SUbd9CzxY4zOwVGnGHerd/SgLIVU5f4esDzQUsOCeArn933BZfWMKydH7l7dPEp0g==",
      "peer": true,
      "requires": {
        "tslib": "^2.3.0"
      }
    }
  }
}
