
Microsoft Visual Studio Solution File, Format Version 12.00
# Visual Studio Version 17
VisualStudioVersion = 17.8.34309.116
MinimumVisualStudioVersion = 10.0.40219.1
Project("{9A19103F-16F7-4668-BE54-9A1E7A4F7556}") = "UniversityProcessing.API", "src\UniversityProcessing.API\UniversityProcessing.API.csproj", "{A00CC6E8-4789-4585-B9AE-A769ABF94F40}"
EndProject
Project("{54A90642-561A-4BB1-A94E-469ADEE60C69}") = "UniversityProcessing.WebApp", "src\UniversityProcessing.WebApp\UniversityProcessing.WebApp.esproj", "{4654A9A0-21D3-44CB-9398-F70E431F3B61}"
EndProject
Project("{E53339B2-1760-4266-BCC7-CA923CBCF16C}") = "docker-compose", "docker-compose.dcproj", "{486EB63F-6CE7-4035-8AE0-2B38A20E6631}"
EndProject
Project("{9A19103F-16F7-4668-BE54-9A1E7A4F7556}") = "UniversityProcessing.Infrastructure", "src\UniversityProcessing.Infrastructure\UniversityProcessing.Infrastructure.csproj", "{27256816-0DB5-4375-BBE8-5C7144EEBA68}"
EndProject
Project("{9A19103F-16F7-4668-BE54-9A1E7A4F7556}") = "UniversityProcessing.Domain", "src\UniversityProcessing.Domain\UniversityProcessing.Domain.csproj", "{31531289-2CE0-4F1A-8DD4-C8CB1E24A5F4}"
EndProject
Project("{2150E333-8FDC-42A3-9474-1A3956D46DE8}") = "src", "src", "{4146619D-8A5C-403F-AB0F-CCFA2D24FAB1}"
EndProject
Project("{2150E333-8FDC-42A3-9474-1A3956D46DE8}") = "tests", "tests", "{C9B47320-4D7A-413B-979E-C04903C3A780}"
EndProject
Project("{FAE04EC0-301F-11D3-BF4B-00C04F79EFBC}") = "FunctionalTests", "tests\FunctionalTests\FunctionalTests.csproj", "{EDE83697-FA5E-4ED8-A8AE-E01317C4CB08}"
EndProject
Project("{FAE04EC0-301F-11D3-BF4B-00C04F79EFBC}") = "IntegrationTests", "tests\IntegrationTests\IntegrationTests.csproj", "{8BEF1A09-B52E-46E7-8FD6-F00849084335}"
EndProject
Project("{FAE04EC0-301F-11D3-BF4B-00C04F79EFBC}") = "UnitTests", "tests\UnitTests\UnitTests.csproj", "{3BAEFBB9-7102-4097-9061-029D149B0382}"
EndProject
Project("{FAE04EC0-301F-11D3-BF4B-00C04F79EFBC}") = "UniversityProcessing.Repository", "src\UniversityProcessing.Repository\UniversityProcessing.Repository.csproj", "{FD42C41D-DDC8-4CD3-BC97-333B9B185D2D}"
EndProject
Project("{FAE04EC0-301F-11D3-BF4B-00C04F79EFBC}") = "UniversityProcessing.DomainServices", "src\UniversityProcessing.DomainServices\UniversityProcessing.DomainServices.csproj", "{A2B8F316-62C9-4483-91EB-104ABAE6880A}"
EndProject
Project("{FAE04EC0-301F-11D3-BF4B-00C04F79EFBC}") = "UniversityProcessing.GenericSubdomain", "src\UniversityProcessing.GenericSubdomain\UniversityProcessing.GenericSubdomain.csproj", "{2262027E-82F3-4DDB-87D7-B03477CEB1C3}"
EndProject
Project("{2150E333-8FDC-42A3-9474-1A3956D46DE8}") = "common", "common", "{E3391303-4323-4CF2-8BE9-63482E89970C}"
	ProjectSection(SolutionItems) = preProject
		.gitignore = .gitignore
		Directory.Build.props = Directory.Build.props
		Directory.Build.targets = Directory.Build.targets
		Directory.Packages.props = Directory.Packages.props
		README.md = README.md
	EndProjectSection
EndProject
Global
	GlobalSection(SolutionConfigurationPlatforms) = preSolution
		Debug|Any CPU = Debug|Any CPU
		Release|Any CPU = Release|Any CPU
	EndGlobalSection
	GlobalSection(ProjectConfigurationPlatforms) = postSolution
		{A00CC6E8-4789-4585-B9AE-A769ABF94F40}.Debug|Any CPU.ActiveCfg = Debug|Any CPU
		{A00CC6E8-4789-4585-B9AE-A769ABF94F40}.Debug|Any CPU.Build.0 = Debug|Any CPU
		{A00CC6E8-4789-4585-B9AE-A769ABF94F40}.Release|Any CPU.ActiveCfg = Release|Any CPU
		{A00CC6E8-4789-4585-B9AE-A769ABF94F40}.Release|Any CPU.Build.0 = Release|Any CPU
		{4654A9A0-21D3-44CB-9398-F70E431F3B61}.Debug|Any CPU.ActiveCfg = Debug|Any CPU
		{4654A9A0-21D3-44CB-9398-F70E431F3B61}.Debug|Any CPU.Build.0 = Debug|Any CPU
		{4654A9A0-21D3-44CB-9398-F70E431F3B61}.Debug|Any CPU.Deploy.0 = Debug|Any CPU
		{4654A9A0-21D3-44CB-9398-F70E431F3B61}.Release|Any CPU.ActiveCfg = Release|Any CPU
		{4654A9A0-21D3-44CB-9398-F70E431F3B61}.Release|Any CPU.Build.0 = Release|Any CPU
		{4654A9A0-21D3-44CB-9398-F70E431F3B61}.Release|Any CPU.Deploy.0 = Release|Any CPU
		{486EB63F-6CE7-4035-8AE0-2B38A20E6631}.Debug|Any CPU.ActiveCfg = Debug|Any CPU
		{486EB63F-6CE7-4035-8AE0-2B38A20E6631}.Debug|Any CPU.Build.0 = Debug|Any CPU
		{486EB63F-6CE7-4035-8AE0-2B38A20E6631}.Release|Any CPU.ActiveCfg = Release|Any CPU
		{486EB63F-6CE7-4035-8AE0-2B38A20E6631}.Release|Any CPU.Build.0 = Release|Any CPU
		{27256816-0DB5-4375-BBE8-5C7144EEBA68}.Debug|Any CPU.ActiveCfg = Debug|Any CPU
		{27256816-0DB5-4375-BBE8-5C7144EEBA68}.Debug|Any CPU.Build.0 = Debug|Any CPU
		{27256816-0DB5-4375-BBE8-5C7144EEBA68}.Release|Any CPU.ActiveCfg = Release|Any CPU
		{27256816-0DB5-4375-BBE8-5C7144EEBA68}.Release|Any CPU.Build.0 = Release|Any CPU
		{31531289-2CE0-4F1A-8DD4-C8CB1E24A5F4}.Debug|Any CPU.ActiveCfg = Debug|Any CPU
		{31531289-2CE0-4F1A-8DD4-C8CB1E24A5F4}.Debug|Any CPU.Build.0 = Debug|Any CPU
		{31531289-2CE0-4F1A-8DD4-C8CB1E24A5F4}.Release|Any CPU.ActiveCfg = Release|Any CPU
		{31531289-2CE0-4F1A-8DD4-C8CB1E24A5F4}.Release|Any CPU.Build.0 = Release|Any CPU
		{EDE83697-FA5E-4ED8-A8AE-E01317C4CB08}.Debug|Any CPU.ActiveCfg = Debug|Any CPU
		{EDE83697-FA5E-4ED8-A8AE-E01317C4CB08}.Debug|Any CPU.Build.0 = Debug|Any CPU
		{EDE83697-FA5E-4ED8-A8AE-E01317C4CB08}.Release|Any CPU.ActiveCfg = Release|Any CPU
		{EDE83697-FA5E-4ED8-A8AE-E01317C4CB08}.Release|Any CPU.Build.0 = Release|Any CPU
		{8BEF1A09-B52E-46E7-8FD6-F00849084335}.Debug|Any CPU.ActiveCfg = Debug|Any CPU
		{8BEF1A09-B52E-46E7-8FD6-F00849084335}.Debug|Any CPU.Build.0 = Debug|Any CPU
		{8BEF1A09-B52E-46E7-8FD6-F00849084335}.Release|Any CPU.ActiveCfg = Release|Any CPU
		{8BEF1A09-B52E-46E7-8FD6-F00849084335}.Release|Any CPU.Build.0 = Release|Any CPU
		{3BAEFBB9-7102-4097-9061-029D149B0382}.Debug|Any CPU.ActiveCfg = Debug|Any CPU
		{3BAEFBB9-7102-4097-9061-029D149B0382}.Debug|Any CPU.Build.0 = Debug|Any CPU
		{3BAEFBB9-7102-4097-9061-029D149B0382}.Release|Any CPU.ActiveCfg = Release|Any CPU
		{3BAEFBB9-7102-4097-9061-029D149B0382}.Release|Any CPU.Build.0 = Release|Any CPU
		{FD42C41D-DDC8-4CD3-BC97-333B9B185D2D}.Debug|Any CPU.ActiveCfg = Debug|Any CPU
		{FD42C41D-DDC8-4CD3-BC97-333B9B185D2D}.Debug|Any CPU.Build.0 = Debug|Any CPU
		{FD42C41D-DDC8-4CD3-BC97-333B9B185D2D}.Release|Any CPU.ActiveCfg = Release|Any CPU
		{FD42C41D-DDC8-4CD3-BC97-333B9B185D2D}.Release|Any CPU.Build.0 = Release|Any CPU
		{A2B8F316-62C9-4483-91EB-104ABAE6880A}.Debug|Any CPU.ActiveCfg = Debug|Any CPU
		{A2B8F316-62C9-4483-91EB-104ABAE6880A}.Debug|Any CPU.Build.0 = Debug|Any CPU
		{A2B8F316-62C9-4483-91EB-104ABAE6880A}.Release|Any CPU.ActiveCfg = Release|Any CPU
		{A2B8F316-62C9-4483-91EB-104ABAE6880A}.Release|Any CPU.Build.0 = Release|Any CPU
		{2262027E-82F3-4DDB-87D7-B03477CEB1C3}.Debug|Any CPU.ActiveCfg = Debug|Any CPU
		{2262027E-82F3-4DDB-87D7-B03477CEB1C3}.Debug|Any CPU.Build.0 = Debug|Any CPU
		{2262027E-82F3-4DDB-87D7-B03477CEB1C3}.Release|Any CPU.ActiveCfg = Release|Any CPU
		{2262027E-82F3-4DDB-87D7-B03477CEB1C3}.Release|Any CPU.Build.0 = Release|Any CPU
	EndGlobalSection
	GlobalSection(SolutionProperties) = preSolution
		HideSolutionNode = FALSE
	EndGlobalSection
	GlobalSection(NestedProjects) = preSolution
		{A00CC6E8-4789-4585-B9AE-A769ABF94F40} = {4146619D-8A5C-403F-AB0F-CCFA2D24FAB1}
		{4654A9A0-21D3-44CB-9398-F70E431F3B61} = {4146619D-8A5C-403F-AB0F-CCFA2D24FAB1}
		{27256816-0DB5-4375-BBE8-5C7144EEBA68} = {4146619D-8A5C-403F-AB0F-CCFA2D24FAB1}
		{31531289-2CE0-4F1A-8DD4-C8CB1E24A5F4} = {4146619D-8A5C-403F-AB0F-CCFA2D24FAB1}
		{EDE83697-FA5E-4ED8-A8AE-E01317C4CB08} = {C9B47320-4D7A-413B-979E-C04903C3A780}
		{8BEF1A09-B52E-46E7-8FD6-F00849084335} = {C9B47320-4D7A-413B-979E-C04903C3A780}
		{3BAEFBB9-7102-4097-9061-029D149B0382} = {C9B47320-4D7A-413B-979E-C04903C3A780}
		{FD42C41D-DDC8-4CD3-BC97-333B9B185D2D} = {4146619D-8A5C-403F-AB0F-CCFA2D24FAB1}
		{A2B8F316-62C9-4483-91EB-104ABAE6880A} = {4146619D-8A5C-403F-AB0F-CCFA2D24FAB1}
		{2262027E-82F3-4DDB-87D7-B03477CEB1C3} = {4146619D-8A5C-403F-AB0F-CCFA2D24FAB1}
	EndGlobalSection
	GlobalSection(ExtensibilityGlobals) = postSolution
		SolutionGuid = {45DD1FF7-BB9F-4D7A-842D-F330E7F50F74}
	EndGlobalSection
EndGlobal
